
Microsoft Visual Studio Solution File, Format Version 12.00
# Visual Studio 14
VisualStudioVersion = 14.0.25420.1
MinimumVisualStudioVersion = 10.0.40219.1
Project("{FAE04EC0-301F-11D3-BF4B-00C04F79EFBC}") = "Orix.MeuControle.UI.Web", "Orix.MeuControle.UI.Web\Orix.MeuControle.UI.Web.csproj", "{0E040BCF-5A92-4DDD-967B-FDDA38B1E00C}"
EndProject
Project("{2150E333-8FDC-42A3-9474-1A3956D46DE8}") = "Regras de Negócios", "Regras de Negócios", "{FFD68C93-3BF6-46E7-BDB7-19DC4DCA3003}"
EndProject
Project("{2150E333-8FDC-42A3-9474-1A3956D46DE8}") = "Apresentação", "Apresentação", "{9AAF29BB-9F56-433A-A86E-5C390565B616}"
EndProject
Project("{2150E333-8FDC-42A3-9474-1A3956D46DE8}") = "Armazenamento de Dados", "Armazenamento de Dados", "{68EBB95A-5633-4D2F-AC34-29EE568726CF}"
EndProject
Project("{2150E333-8FDC-42A3-9474-1A3956D46DE8}") = "Acesso a Dados", "Acesso a Dados", "{0F51A287-52E0-4A66-A9DF-C49913A4CCCC}"
EndProject
Project("{FAE04EC0-301F-11D3-BF4B-00C04F79EFBC}") = "Orix.MeuControle.Domain", "Orix.MeuControle.Domain\Orix.MeuControle.Domain.csproj", "{0703CFA7-19AA-4CA0-89A7-AADEB80E4F0A}"
EndProject
Project("{FAE04EC0-301F-11D3-BF4B-00C04F79EFBC}") = "Orix.MeuControle.Business", "Orix.MeuControle.Business\Orix.MeuControle.Business.csproj", "{A0FEE4F7-CF27-491F-A9CA-5BA6DA49668B}"
EndProject
Project("{FAE04EC0-301F-11D3-BF4B-00C04F79EFBC}") = "Orix.MeuControle.DataAccess", "Orix.MeuControle.DataAccess\Orix.MeuControle.DataAccess.csproj", "{D90B7D3E-F3FD-421F-B1D2-94CC43317867}"
EndProject
Project("{FAE04EC0-301F-11D3-BF4B-00C04F79EFBC}") = "Orix.MeuControle.Repository", "Orix.MeuControle.Repository\Orix.MeuControle.Repository.csproj", "{889C1B3A-4386-496C-AC91-061975BF8C69}"
EndProject
Global
	GlobalSection(SolutionConfigurationPlatforms) = preSolution
		Debug|Any CPU = Debug|Any CPU
		Release|Any CPU = Release|Any CPU
	EndGlobalSection
	GlobalSection(ProjectConfigurationPlatforms) = postSolution
		{0E040BCF-5A92-4DDD-967B-FDDA38B1E00C}.Debug|Any CPU.ActiveCfg = Debug|Any CPU
		{0E040BCF-5A92-4DDD-967B-FDDA38B1E00C}.Debug|Any CPU.Build.0 = Debug|Any CPU
		{0E040BCF-5A92-4DDD-967B-FDDA38B1E00C}.Release|Any CPU.ActiveCfg = Release|Any CPU
		{0E040BCF-5A92-4DDD-967B-FDDA38B1E00C}.Release|Any CPU.Build.0 = Release|Any CPU
		{0703CFA7-19AA-4CA0-89A7-AADEB80E4F0A}.Debug|Any CPU.ActiveCfg = Debug|Any CPU
		{0703CFA7-19AA-4CA0-89A7-AADEB80E4F0A}.Debug|Any CPU.Build.0 = Debug|Any CPU
		{0703CFA7-19AA-4CA0-89A7-AADEB80E4F0A}.Release|Any CPU.ActiveCfg = Release|Any CPU
		{0703CFA7-19AA-4CA0-89A7-AADEB80E4F0A}.Release|Any CPU.Build.0 = Release|Any CPU
		{A0FEE4F7-CF27-491F-A9CA-5BA6DA49668B}.Debug|Any CPU.ActiveCfg = Debug|Any CPU
		{A0FEE4F7-CF27-491F-A9CA-5BA6DA49668B}.Debug|Any CPU.Build.0 = Debug|Any CPU
		{A0FEE4F7-CF27-491F-A9CA-5BA6DA49668B}.Release|Any CPU.ActiveCfg = Release|Any CPU
		{A0FEE4F7-CF27-491F-A9CA-5BA6DA49668B}.Release|Any CPU.Build.0 = Release|Any CPU
		{D90B7D3E-F3FD-421F-B1D2-94CC43317867}.Debug|Any CPU.ActiveCfg = Debug|Any CPU
		{D90B7D3E-F3FD-421F-B1D2-94CC43317867}.Debug|Any CPU.Build.0 = Debug|Any CPU
		{D90B7D3E-F3FD-421F-B1D2-94CC43317867}.Release|Any CPU.ActiveCfg = Release|Any CPU
		{D90B7D3E-F3FD-421F-B1D2-94CC43317867}.Release|Any CPU.Build.0 = Release|Any CPU
		{889C1B3A-4386-496C-AC91-061975BF8C69}.Debug|Any CPU.ActiveCfg = Debug|Any CPU
		{889C1B3A-4386-496C-AC91-061975BF8C69}.Debug|Any CPU.Build.0 = Debug|Any CPU
		{889C1B3A-4386-496C-AC91-061975BF8C69}.Release|Any CPU.ActiveCfg = Release|Any CPU
		{889C1B3A-4386-496C-AC91-061975BF8C69}.Release|Any CPU.Build.0 = Release|Any CPU
	EndGlobalSection
	GlobalSection(SolutionProperties) = preSolution
		HideSolutionNode = FALSE
	EndGlobalSection
	GlobalSection(NestedProjects) = preSolution
		{0E040BCF-5A92-4DDD-967B-FDDA38B1E00C} = {9AAF29BB-9F56-433A-A86E-5C390565B616}
		{0703CFA7-19AA-4CA0-89A7-AADEB80E4F0A} = {68EBB95A-5633-4D2F-AC34-29EE568726CF}
		{A0FEE4F7-CF27-491F-A9CA-5BA6DA49668B} = {FFD68C93-3BF6-46E7-BDB7-19DC4DCA3003}
		{D90B7D3E-F3FD-421F-B1D2-94CC43317867} = {0F51A287-52E0-4A66-A9DF-C49913A4CCCC}
		{889C1B3A-4386-496C-AC91-061975BF8C69} = {0F51A287-52E0-4A66-A9DF-C49913A4CCCC}
	EndGlobalSection
EndGlobal
